
Microsoft Visual Studio Solution File, Format Version 12.00
Project("{FAE04EC0-301F-11D3-BF4B-00C04F79EFBC}") = "CGLab2", "CGLab2\CGLab2.csproj", "{2298AF73-AF5C-4033-A783-92BC3D622EC9}"
EndProject
Project("{FAE04EC0-301F-11D3-BF4B-00C04F79EFBC}") = "CGLab3", "CGLab3\CGLab3.csproj", "{F50A0BCD-CCE4-47F0-AFC8-92392C94BE2C}"
EndProject
Global
	GlobalSection(SolutionConfigurationPlatforms) = preSolution
		Debug|Any CPU = Debug|Any CPU
		Release|Any CPU = Release|Any CPU
	EndGlobalSection
	GlobalSection(ProjectConfigurationPlatforms) = postSolution
		{2298AF73-AF5C-4033-A783-92BC3D622EC9}.Debug|Any CPU.ActiveCfg = Debug|Any CPU
		{2298AF73-AF5C-4033-A783-92BC3D622EC9}.Debug|Any CPU.Build.0 = Debug|Any CPU
		{2298AF73-AF5C-4033-A783-92BC3D622EC9}.Release|Any CPU.ActiveCfg = Release|Any CPU
		{2298AF73-AF5C-4033-A783-92BC3D622EC9}.Release|Any CPU.Build.0 = Release|Any CPU
		{F50A0BCD-CCE4-47F0-AFC8-92392C94BE2C}.Debug|Any CPU.ActiveCfg = Debug|Any CPU
		{F50A0BCD-CCE4-47F0-AFC8-92392C94BE2C}.Debug|Any CPU.Build.0 = Debug|Any CPU
		{F50A0BCD-CCE4-47F0-AFC8-92392C94BE2C}.Release|Any CPU.ActiveCfg = Release|Any CPU
		{F50A0BCD-CCE4-47F0-AFC8-92392C94BE2C}.Release|Any CPU.Build.0 = Release|Any CPU
	EndGlobalSection
EndGlobal
