
Microsoft Visual Studio Solution File, Format Version 12.00
Project("{FAE04EC0-301F-11D3-BF4B-00C04F79EFBC}") = "CGLab2", "CGLab2\CGLab2.csproj", "{2298AF73-AF5C-4033-A783-92BC3D622EC9}"
EndProject
Project("{FAE04EC0-301F-11D3-BF4B-00C04F79EFBC}") = "CGLab3", "CGLab3\CGLab3.csproj", "{F50A0BCD-CCE4-47F0-AFC8-92392C94BE2C}"
EndProject
Project("{FAE04EC0-301F-11D3-BF4B-00C04F79EFBC}") = "CGLab1", "CGLab1\CGLab1.csproj", "{214B14D2-169B-466B-9583-E07EB03ED253}"
EndProject
Project("{FAE04EC0-301F-11D3-BF4B-00C04F79EFBC}") = "CGLab4", "CGLab4\CGLab4.csproj", "{571E3AAB-41B4-4F9F-A326-EC37A944271A}"
EndProject
Project("{FAE04EC0-301F-11D3-BF4B-00C04F79EFBC}") = "CGPlatform", "CGPlatform\CGPlatform.csproj", "{A055945A-A9A1-4589-8865-D3EB408F4F9E}"
EndProject
Project("{FAE04EC0-301F-11D3-BF4B-00C04F79EFBC}") = "CGLab5", "CGLab5\CGLab5.csproj", "{02305133-A0B0-4C40-829B-5271E52D76F4}"
EndProject
Project("{FAE04EC0-301F-11D3-BF4B-00C04F79EFBC}") = "CGLab6", "CGLab6\CGLab6.csproj", "{BC0E0C23-4B8E-452B-A23A-35AF81E6D7DC}"
EndProject
Project("{FAE04EC0-301F-11D3-BF4B-00C04F79EFBC}") = "CGLab7", "CGLab7\CGLab7.csproj", "{63B9EA5E-A523-4807-99F9-A7BB3F97DC56}"
EndProject
Global
	GlobalSection(SolutionConfigurationPlatforms) = preSolution
		Debug|Any CPU = Debug|Any CPU
		Release|Any CPU = Release|Any CPU
	EndGlobalSection
	GlobalSection(ProjectConfigurationPlatforms) = postSolution
		{2298AF73-AF5C-4033-A783-92BC3D622EC9}.Debug|Any CPU.ActiveCfg = Debug|Any CPU
		{2298AF73-AF5C-4033-A783-92BC3D622EC9}.Debug|Any CPU.Build.0 = Debug|Any CPU
		{2298AF73-AF5C-4033-A783-92BC3D622EC9}.Release|Any CPU.ActiveCfg = Release|Any CPU
		{2298AF73-AF5C-4033-A783-92BC3D622EC9}.Release|Any CPU.Build.0 = Release|Any CPU
		{F50A0BCD-CCE4-47F0-AFC8-92392C94BE2C}.Debug|Any CPU.ActiveCfg = Debug|Any CPU
		{F50A0BCD-CCE4-47F0-AFC8-92392C94BE2C}.Debug|Any CPU.Build.0 = Debug|Any CPU
		{F50A0BCD-CCE4-47F0-AFC8-92392C94BE2C}.Release|Any CPU.ActiveCfg = Release|Any CPU
		{F50A0BCD-CCE4-47F0-AFC8-92392C94BE2C}.Release|Any CPU.Build.0 = Release|Any CPU
		{214B14D2-169B-466B-9583-E07EB03ED253}.Debug|Any CPU.ActiveCfg = Debug|Any CPU
		{214B14D2-169B-466B-9583-E07EB03ED253}.Debug|Any CPU.Build.0 = Debug|Any CPU
		{214B14D2-169B-466B-9583-E07EB03ED253}.Release|Any CPU.ActiveCfg = Release|Any CPU
		{214B14D2-169B-466B-9583-E07EB03ED253}.Release|Any CPU.Build.0 = Release|Any CPU
		{571E3AAB-41B4-4F9F-A326-EC37A944271A}.Debug|Any CPU.ActiveCfg = Debug|Any CPU
		{571E3AAB-41B4-4F9F-A326-EC37A944271A}.Debug|Any CPU.Build.0 = Debug|Any CPU
		{571E3AAB-41B4-4F9F-A326-EC37A944271A}.Release|Any CPU.ActiveCfg = Release|Any CPU
		{571E3AAB-41B4-4F9F-A326-EC37A944271A}.Release|Any CPU.Build.0 = Release|Any CPU
		{A055945A-A9A1-4589-8865-D3EB408F4F9E}.Debug|Any CPU.ActiveCfg = Debug|Any CPU
		{A055945A-A9A1-4589-8865-D3EB408F4F9E}.Debug|Any CPU.Build.0 = Debug|Any CPU
		{A055945A-A9A1-4589-8865-D3EB408F4F9E}.Release|Any CPU.ActiveCfg = Release|Any CPU
		{A055945A-A9A1-4589-8865-D3EB408F4F9E}.Release|Any CPU.Build.0 = Release|Any CPU
		{02305133-A0B0-4C40-829B-5271E52D76F4}.Debug|Any CPU.ActiveCfg = Debug|Any CPU
		{02305133-A0B0-4C40-829B-5271E52D76F4}.Debug|Any CPU.Build.0 = Debug|Any CPU
		{02305133-A0B0-4C40-829B-5271E52D76F4}.Release|Any CPU.ActiveCfg = Release|Any CPU
		{02305133-A0B0-4C40-829B-5271E52D76F4}.Release|Any CPU.Build.0 = Release|Any CPU
		{BC0E0C23-4B8E-452B-A23A-35AF81E6D7DC}.Debug|Any CPU.ActiveCfg = Debug|Any CPU
		{BC0E0C23-4B8E-452B-A23A-35AF81E6D7DC}.Debug|Any CPU.Build.0 = Debug|Any CPU
		{BC0E0C23-4B8E-452B-A23A-35AF81E6D7DC}.Release|Any CPU.ActiveCfg = Release|Any CPU
		{BC0E0C23-4B8E-452B-A23A-35AF81E6D7DC}.Release|Any CPU.Build.0 = Release|Any CPU
		{63B9EA5E-A523-4807-99F9-A7BB3F97DC56}.Debug|Any CPU.ActiveCfg = Debug|Any CPU
		{63B9EA5E-A523-4807-99F9-A7BB3F97DC56}.Debug|Any CPU.Build.0 = Debug|Any CPU
		{63B9EA5E-A523-4807-99F9-A7BB3F97DC56}.Release|Any CPU.ActiveCfg = Release|Any CPU
		{63B9EA5E-A523-4807-99F9-A7BB3F97DC56}.Release|Any CPU.Build.0 = Release|Any CPU
	EndGlobalSection
EndGlobal
